
Microsoft Visual Studio Solution File, Format Version 12.00
# Visual Studio Version 17
VisualStudioVersion = 17.5.33424.131
MinimumVisualStudioVersion = 10.0.40219.1
Project("{9A19103F-16F7-4668-BE54-9A1E7A4F7556}") = "5PaisaLibrary", "5PaisaLibrary\5PaisaLibrary.csproj", "{CCB01124-19C6-40E4-9B70-4F4083E68065}"
EndProject
Project("{FAE04EC0-301F-11D3-BF4B-00C04F79EFBC}") = "Test", "Test\Test.csproj", "{449FD37E-5644-4C11-9B01-FF1372EE753D}"
EndProject
Global
	GlobalSection(SolutionConfigurationPlatforms) = preSolution
		Debug|Any CPU = Debug|Any CPU
		Release|Any CPU = Release|Any CPU
	EndGlobalSection
	GlobalSection(ProjectConfigurationPlatforms) = postSolution
		{CCB01124-19C6-40E4-9B70-4F4083E68065}.Debug|Any CPU.ActiveCfg = Debug|Any CPU
		{CCB01124-19C6-40E4-9B70-4F4083E68065}.Debug|Any CPU.Build.0 = Debug|Any CPU
		{CCB01124-19C6-40E4-9B70-4F4083E68065}.Release|Any CPU.ActiveCfg = Release|Any CPU
		{CCB01124-19C6-40E4-9B70-4F4083E68065}.Release|Any CPU.Build.0 = Release|Any CPU
		{449FD37E-5644-4C11-9B01-FF1372EE753D}.Debug|Any CPU.ActiveCfg = Debug|Any CPU
		{449FD37E-5644-4C11-9B01-FF1372EE753D}.Debug|Any CPU.Build.0 = Debug|Any CPU
		{449FD37E-5644-4C11-9B01-FF1372EE753D}.Release|Any CPU.ActiveCfg = Release|Any CPU
		{449FD37E-5644-4C11-9B01-FF1372EE753D}.Release|Any CPU.Build.0 = Release|Any CPU
	EndGlobalSection
	GlobalSection(SolutionProperties) = preSolution
		HideSolutionNode = FALSE
	EndGlobalSection
	GlobalSection(ExtensibilityGlobals) = postSolution
		SolutionGuid = {D3CE4934-D21C-432F-AB1D-A3D6DDDA8004}
	EndGlobalSection
EndGlobal
